
Microsoft Visual Studio Solution File, Format Version 12.00
# Visual Studio Version 17
VisualStudioVersion = 17.9.34728.123
MinimumVisualStudioVersion = 10.0.40219.1
Project("{9A19103F-16F7-4668-BE54-9A1E7A4F7556}") = "Hud1", "Hud1\Hud1.csproj", "{F01C5DAE-23FA-4C63-A0C8-18C55DEE5CFE}"
EndProject
Project("{FAE04EC0-301F-11D3-BF4B-00C04F79EFBC}") = "Docu", "Docu\Docu.csproj", "{8040E809-EAB5-4D9D-9BCE-9679F1E0E8F6}"
EndProject
Project("{C7167F0D-BC9F-4E6E-AFE1-012C56B48DB5}") = "Wap", "Wap\Wap.wapproj", "{7880BF4B-3EC2-4D49-BD5F-8C447759CAA8}"
EndProject
Project("{9A19103F-16F7-4668-BE54-9A1E7A4F7556}") = "Tests", "Tests\Tests.csproj", "{38929BFA-8599-4C4A-BF22-3636F522140D}"
EndProject
Global
	GlobalSection(SolutionConfigurationPlatforms) = preSolution
		Debug|Any CPU = Debug|Any CPU
		Debug|x86 = Debug|x86
		Hot|Any CPU = Hot|Any CPU
		Hot|x86 = Hot|x86
		Release|Any CPU = Release|Any CPU
		Release|x86 = Release|x86
	EndGlobalSection
	GlobalSection(ProjectConfigurationPlatforms) = postSolution
		{F01C5DAE-23FA-4C63-A0C8-18C55DEE5CFE}.Debug|Any CPU.ActiveCfg = Debug|x86
		{F01C5DAE-23FA-4C63-A0C8-18C55DEE5CFE}.Debug|Any CPU.Build.0 = Debug|x86
		{F01C5DAE-23FA-4C63-A0C8-18C55DEE5CFE}.Debug|x86.ActiveCfg = Debug|x86
		{F01C5DAE-23FA-4C63-A0C8-18C55DEE5CFE}.Debug|x86.Build.0 = Debug|x86
		{F01C5DAE-23FA-4C63-A0C8-18C55DEE5CFE}.Hot|Any CPU.ActiveCfg = Hot|x86
		{F01C5DAE-23FA-4C63-A0C8-18C55DEE5CFE}.Hot|Any CPU.Build.0 = Hot|x86
		{F01C5DAE-23FA-4C63-A0C8-18C55DEE5CFE}.Hot|x86.ActiveCfg = Hot|x86
		{F01C5DAE-23FA-4C63-A0C8-18C55DEE5CFE}.Hot|x86.Build.0 = Hot|x86
		{F01C5DAE-23FA-4C63-A0C8-18C55DEE5CFE}.Release|Any CPU.ActiveCfg = Release|x86
		{F01C5DAE-23FA-4C63-A0C8-18C55DEE5CFE}.Release|Any CPU.Build.0 = Release|x86
		{F01C5DAE-23FA-4C63-A0C8-18C55DEE5CFE}.Release|x86.ActiveCfg = Release|x86
		{F01C5DAE-23FA-4C63-A0C8-18C55DEE5CFE}.Release|x86.Build.0 = Release|x86
		{8040E809-EAB5-4D9D-9BCE-9679F1E0E8F6}.Debug|Any CPU.ActiveCfg = Debug|x86
		{8040E809-EAB5-4D9D-9BCE-9679F1E0E8F6}.Debug|Any CPU.Build.0 = Debug|x86
		{8040E809-EAB5-4D9D-9BCE-9679F1E0E8F6}.Debug|x86.ActiveCfg = Debug|x86
		{8040E809-EAB5-4D9D-9BCE-9679F1E0E8F6}.Debug|x86.Build.0 = Debug|x86
		{8040E809-EAB5-4D9D-9BCE-9679F1E0E8F6}.Hot|Any CPU.ActiveCfg = Hot|x86
		{8040E809-EAB5-4D9D-9BCE-9679F1E0E8F6}.Hot|Any CPU.Build.0 = Hot|x86
		{8040E809-EAB5-4D9D-9BCE-9679F1E0E8F6}.Hot|x86.ActiveCfg = Hot|x86
		{8040E809-EAB5-4D9D-9BCE-9679F1E0E8F6}.Hot|x86.Build.0 = Hot|x86
		{8040E809-EAB5-4D9D-9BCE-9679F1E0E8F6}.Release|Any CPU.ActiveCfg = Release|x86
		{8040E809-EAB5-4D9D-9BCE-9679F1E0E8F6}.Release|Any CPU.Build.0 = Release|x86
		{8040E809-EAB5-4D9D-9BCE-9679F1E0E8F6}.Release|x86.ActiveCfg = Debug|x86
		{8040E809-EAB5-4D9D-9BCE-9679F1E0E8F6}.Release|x86.Build.0 = Debug|x86
		{7880BF4B-3EC2-4D49-BD5F-8C447759CAA8}.Debug|Any CPU.ActiveCfg = Debug|Any CPU
		{7880BF4B-3EC2-4D49-BD5F-8C447759CAA8}.Debug|Any CPU.Build.0 = Debug|Any CPU
		{7880BF4B-3EC2-4D49-BD5F-8C447759CAA8}.Debug|Any CPU.Deploy.0 = Debug|Any CPU
		{7880BF4B-3EC2-4D49-BD5F-8C447759CAA8}.Debug|x86.ActiveCfg = Debug|x86
		{7880BF4B-3EC2-4D49-BD5F-8C447759CAA8}.Debug|x86.Build.0 = Debug|x86
		{7880BF4B-3EC2-4D49-BD5F-8C447759CAA8}.Debug|x86.Deploy.0 = Debug|x86
		{7880BF4B-3EC2-4D49-BD5F-8C447759CAA8}.Hot|Any CPU.ActiveCfg = Hot|Any CPU
		{7880BF4B-3EC2-4D49-BD5F-8C447759CAA8}.Hot|Any CPU.Build.0 = Hot|Any CPU
		{7880BF4B-3EC2-4D49-BD5F-8C447759CAA8}.Hot|Any CPU.Deploy.0 = Hot|Any CPU
		{7880BF4B-3EC2-4D49-BD5F-8C447759CAA8}.Hot|x86.ActiveCfg = Debug|x86
		{7880BF4B-3EC2-4D49-BD5F-8C447759CAA8}.Hot|x86.Build.0 = Debug|x86
		{7880BF4B-3EC2-4D49-BD5F-8C447759CAA8}.Hot|x86.Deploy.0 = Debug|x86
		{7880BF4B-3EC2-4D49-BD5F-8C447759CAA8}.Release|Any CPU.ActiveCfg = Release|Any CPU
		{7880BF4B-3EC2-4D49-BD5F-8C447759CAA8}.Release|Any CPU.Build.0 = Release|Any CPU
		{7880BF4B-3EC2-4D49-BD5F-8C447759CAA8}.Release|Any CPU.Deploy.0 = Release|Any CPU
		{7880BF4B-3EC2-4D49-BD5F-8C447759CAA8}.Release|x86.ActiveCfg = Debug|x86
		{7880BF4B-3EC2-4D49-BD5F-8C447759CAA8}.Release|x86.Build.0 = Debug|x86
		{7880BF4B-3EC2-4D49-BD5F-8C447759CAA8}.Release|x86.Deploy.0 = Debug|x86
		{38929BFA-8599-4C4A-BF22-3636F522140D}.Debug|Any CPU.ActiveCfg = Debug|Any CPU
		{38929BFA-8599-4C4A-BF22-3636F522140D}.Debug|Any CPU.Build.0 = Debug|Any CPU
		{38929BFA-8599-4C4A-BF22-3636F522140D}.Debug|x86.ActiveCfg = Debug|x86
		{38929BFA-8599-4C4A-BF22-3636F522140D}.Debug|x86.Build.0 = Debug|x86
		{38929BFA-8599-4C4A-BF22-3636F522140D}.Hot|Any CPU.ActiveCfg = Debug|Any CPU
		{38929BFA-8599-4C4A-BF22-3636F522140D}.Hot|Any CPU.Build.0 = Debug|Any CPU
		{38929BFA-8599-4C4A-BF22-3636F522140D}.Hot|x86.ActiveCfg = Debug|x86
		{38929BFA-8599-4C4A-BF22-3636F522140D}.Hot|x86.Build.0 = Debug|x86
		{38929BFA-8599-4C4A-BF22-3636F522140D}.Release|Any CPU.ActiveCfg = Release|Any CPU
		{38929BFA-8599-4C4A-BF22-3636F522140D}.Release|Any CPU.Build.0 = Release|Any CPU
		{38929BFA-8599-4C4A-BF22-3636F522140D}.Release|x86.ActiveCfg = Release|x86
		{38929BFA-8599-4C4A-BF22-3636F522140D}.Release|x86.Build.0 = Release|x86
	EndGlobalSection
	GlobalSection(SolutionProperties) = preSolution
		HideSolutionNode = FALSE
	EndGlobalSection
	GlobalSection(ExtensibilityGlobals) = postSolution
		SolutionGuid = {F6AF034E-C6BB-4E2F-A4AF-086CD768C8C1}
	EndGlobalSection
EndGlobal
